<?xml version="1.0" encoding="utf-8"?>
<Project ToolsVersion="4.0" xmlns="http://schemas.microsoft.com/developer/msbuild/2003">
  <ItemGroup>
    <ClCompile Include="CameraObj.cpp" />
    <ClCompile Include="Game.cpp">
      <Filter>Game</Filter>
    </ClCompile>
    <ClCompile Include="GAudio.cpp">
      <Filter>FrameWork\Sound</Filter>
    </ClCompile>
    <ClCompile Include="dsutil.cpp">
      <Filter>FrameWork\Sound</Filter>
    </ClCompile>
    <ClCompile Include="GCamera.cpp">
      <Filter>FrameWork</Filter>
    </ClCompile>
    <ClCompile Include="GTexture.cpp">
      <Filter>FrameWork</Filter>
    </ClCompile>
    <ClCompile Include="GSprite.cpp">
      <Filter>FrameWork</Filter>
    </ClCompile>
    <ClCompile Include="SceneMain.cpp">
      <Filter>Game</Filter>
    </ClCompile>
    <ClCompile Include="Map.cpp">
      <Filter>Map</Filter>
    </ClCompile>
    <ClCompile Include="Samus.cpp">
      <Filter>Object</Filter>
    </ClCompile>
    <ClCompile Include="Object.cpp">
      <Filter>Object</Filter>
    </ClCompile>
    <ClCompile Include="Global.cpp">
      <Filter>Utils</Filter>
    </ClCompile>
    <ClCompile Include="Utils.cpp">
      <Filter>Utils</Filter>
    </ClCompile>
    <ClCompile Include="bullet.cpp">
      <Filter>Object\Weapon</Filter>
    </ClCompile>
    <ClCompile Include="Zoomer.cpp">
      <Filter>Object\Enemies</Filter>
    </ClCompile>
    <ClCompile Include="Weapon.cpp">
      <Filter>Object\Weapon</Filter>
    </ClCompile>
    <ClCompile Include="main.cpp">
      <Filter>WinMain</Filter>
    </ClCompile>
    <ClCompile Include="Swept_AABB.cpp">
      <Filter>Performance</Filter>
    </ClCompile>
    <ClCompile Include="QuadTree.cpp">
      <Filter>Performance</Filter>
    </ClCompile>
    <ClCompile Include="Gfont.cpp">
      <Filter>FrameWork</Filter>
    </ClCompile>
  </ItemGroup>
  <ItemGroup>
    <ClInclude Include="CameraObj.h" />
    <ClInclude Include="Game.h">
      <Filter>Game</Filter>
    </ClInclude>
    <ClInclude Include="dsutil.h">
      <Filter>FrameWork\Sound</Filter>
    </ClInclude>
    <ClInclude Include="dxutil.h">
      <Filter>FrameWork\Sound</Filter>
    </ClInclude>
    <ClInclude Include="GAudio.h">
      <Filter>FrameWork\Sound</Filter>
    </ClInclude>
    <ClInclude Include="GTexture.h">
      <Filter>FrameWork</Filter>
    </ClInclude>
    <ClInclude Include="GSprite.h">
      <Filter>FrameWork</Filter>
    </ClInclude>
    <ClInclude Include="SceneMain.h">
      <Filter>Game</Filter>
    </ClInclude>
    <ClInclude Include="Map.h">
      <Filter>Map</Filter>
    </ClInclude>
    <ClInclude Include="Samus.h">
      <Filter>Object</Filter>
    </ClInclude>
    <ClInclude Include="Object.h">
      <Filter>Object</Filter>
    </ClInclude>
    <ClInclude Include="Global.h">
      <Filter>Utils</Filter>
    </ClInclude>
    <ClInclude Include="Utils.h">
      <Filter>Utils</Filter>
    </ClInclude>
    <ClInclude Include="bullet.h">
      <Filter>Object\Weapon</Filter>
    </ClInclude>
    <ClInclude Include="Zoomer.h">
      <Filter>Object\Enemies</Filter>
    </ClInclude>
    <ClInclude Include="Weapon.h">
      <Filter>Object\Weapon</Filter>
    </ClInclude>
    <ClInclude Include="GCamera.h">
      <Filter>FrameWork</Filter>
    </ClInclude>
    <ClInclude Include="Swept_AABB.h">
      <Filter>Performance</Filter>
    </ClInclude>
    <ClInclude Include="QuadTree.h">
      <Filter>Performance</Filter>
    </ClInclude>
    <ClInclude Include="Gfont.h">
      <Filter>FrameWork</Filter>
    </ClInclude>
  </ItemGroup>
  <ItemGroup>
    <Filter Include="Object">
      <UniqueIdentifier>{ddb3dee1-1fa9-4203-831a-f3e8e8353bd1}</UniqueIdentifier>
    </Filter>
    <Filter Include="Game">
      <UniqueIdentifier>{2f419d4a-95c5-4a02-8f11-b086c839a091}</UniqueIdentifier>
    </Filter>
    <Filter Include="Performance">
      <UniqueIdentifier>{7fdff5cf-df16-4441-839d-c12407c43171}</UniqueIdentifier>
    </Filter>
    <Filter Include="Utils">
      <UniqueIdentifier>{37bfc80b-5f4d-4229-9438-c767021dd8fd}</UniqueIdentifier>
    </Filter>
    <Filter Include="WinMain">
      <UniqueIdentifier>{51fba287-aeba-4b2d-b7d2-540f194756d0}</UniqueIdentifier>
    </Filter>
    <Filter Include="Map">
      <UniqueIdentifier>{64e44285-a9fc-42e8-9cc3-a9e6b10db601}</UniqueIdentifier>
    </Filter>
    <Filter Include="FrameWork">
      <UniqueIdentifier>{dbe51b4d-2e28-4419-b5b3-dfda3fdef015}</UniqueIdentifier>
    </Filter>
    <Filter Include="FrameWork\Sound">
      <UniqueIdentifier>{ce3c43bd-081e-4b04-822a-37f481e34cc5}</UniqueIdentifier>
    </Filter>
    <Filter Include="Object\Weapon">
      <UniqueIdentifier>{c71368fb-fab5-44d0-b27f-78237eb2c24b}</UniqueIdentifier>
    </Filter>
    <Filter Include="Object\Enemies">
      <UniqueIdentifier>{a043dfbe-d3f3-4f94-9f9d-faf08c4f90fa}</UniqueIdentifier>
    </Filter>
  </ItemGroup>
</Project>