
Microsoft Visual Studio Solution File, Format Version 12.00
# Visual Studio 15
VisualStudioVersion = 15.0.26730.12
MinimumVisualStudioVersion = 10.0.40219.1
Project("{8BC9CEB8-8B4A-11D0-8D11-00A0C91BC942}") = "Metroid", "Metroid.vcxproj", "{742C3B2D-ECCB-4F03-80D2-D3065DB90B7D}"
EndProject
Global
	GlobalSection(SolutionConfigurationPlatforms) = preSolution
		Debug|x86 = Debug|x86
		Release|x86 = Release|x86
	EndGlobalSection
	GlobalSection(ProjectConfigurationPlatforms) = postSolution
		{742C3B2D-ECCB-4F03-80D2-D3065DB90B7D}.Debug|x86.ActiveCfg = Debug|Win32
		{742C3B2D-ECCB-4F03-80D2-D3065DB90B7D}.Debug|x86.Build.0 = Debug|Win32
		{742C3B2D-ECCB-4F03-80D2-D3065DB90B7D}.Release|x86.ActiveCfg = Release|Win32
		{742C3B2D-ECCB-4F03-80D2-D3065DB90B7D}.Release|x86.Build.0 = Release|Win32
	EndGlobalSection
	GlobalSection(SolutionProperties) = preSolution
		HideSolutionNode = FALSE
	EndGlobalSection
	GlobalSection(ExtensibilityGlobals) = postSolution
		SolutionGuid = {6F44FA20-7F65-4355-9FB0-8E07FA00AE71}
	EndGlobalSection
EndGlobal
